
Microsoft Visual Studio Solution File, Format Version 12.00
# Visual Studio Version 17
VisualStudioVersion = 17.11.35327.3
MinimumVisualStudioVersion = 10.0.40219.1
Project("{FAE04EC0-301F-11D3-BF4B-00C04F79EFBC}") = "ControleDeContatos", "ControleDeContatos.csproj", "{9783CE75-51D5-4B09-AAA5-BF0A193336DA}"
EndProject
Global
	GlobalSection(SolutionConfigurationPlatforms) = preSolution
		Debug|Any CPU = Debug|Any CPU
		Release|Any CPU = Release|Any CPU
	EndGlobalSection
	GlobalSection(ProjectConfigurationPlatforms) = postSolution
		{9783CE75-51D5-4B09-AAA5-BF0A193336DA}.Debug|Any CPU.ActiveCfg = Debug|Any CPU
		{9783CE75-51D5-4B09-AAA5-BF0A193336DA}.Debug|Any CPU.Build.0 = Debug|Any CPU
		{9783CE75-51D5-4B09-AAA5-BF0A193336DA}.Release|Any CPU.ActiveCfg = Release|Any CPU
		{9783CE75-51D5-4B09-AAA5-BF0A193336DA}.Release|Any CPU.Build.0 = Release|Any CPU
	EndGlobalSection
	GlobalSection(SolutionProperties) = preSolution
		HideSolutionNode = FALSE
	EndGlobalSection
	GlobalSection(ExtensibilityGlobals) = postSolution
		SolutionGuid = {0652F21B-3F5A-4482-A646-876FAFC1CC27}
	EndGlobalSection
EndGlobal
